{
  "originHash" : "e070b15749f079a858cb79f5a86922c55660ceb2a5d5e987e8b7ebbf6adba649",
  "pins" : [
    {
      "identity" : "nextcloud-container-manager",
      "kind" : "remoteSourceControl",
      "location" : "https://github.com/i2h3/nextcloud-container-manager",
      "state" : {
        "revision" : "5b05730e2f261cb5762ab69f9805308c90fc40ed",
        "version" : "1.2.0"
      }
    }
  ],
  "version" : 3
}
