{
  "originHash" : "e070b15749f079a858cb79f5a86922c55660ceb2a5d5e987e8b7ebbf6adba649",
  "pins" : [
    {
      "identity" : "nextcloud-container-manager",
      "kind" : "remoteSourceControl",
      "location" : "https://github.com/i2h3/nextcloud-container-manager",
      "state" : {
        "revision" : "0dfcc389d0166d587d6966f3fa1966c92bb64adf",
        "version" : "1.1.0"
      }
    }
  ],
  "version" : 3
}
