{
  "originHash" : "e070b15749f079a858cb79f5a86922c55660ceb2a5d5e987e8b7ebbf6adba649",
  "pins" : [
    {
      "identity" : "nextcloud-container-manager",
      "kind" : "remoteSourceControl",
      "location" : "https://github.com/i2h3/nextcloud-container-manager",
      "state" : {
        "revision" : "757581db49f44ee975bebbc76271f9690d8cda4a",
        "version" : "1.3.0"
      }
    }
  ],
  "version" : 3
}
